
Microsoft Visual Studio Solution File, Format Version 12.00
# Visual Studio 14
VisualStudioVersion = 14.0.25420.1
MinimumVisualStudioVersion = 10.0.40219.1
Project("{FAE04EC0-301F-11D3-BF4B-00C04F79EFBC}") = "EvvMobile", "EvvMobile\EvvMobile\EvvMobile.csproj", "{DAF6F306-8666-4100-89E3-ABB950141F62}"
EndProject
Project("{FAE04EC0-301F-11D3-BF4B-00C04F79EFBC}") = "EvvMobile.Droid", "EvvMobile\EvvMobile.Droid\EvvMobile.Droid.csproj", "{560948D3-D3FA-4853-86AD-4DD15F20CE63}"
EndProject
Project("{FAE04EC0-301F-11D3-BF4B-00C04F79EFBC}") = "EvvMobile.iOS", "EvvMobile\EvvMobile.iOS\EvvMobile.iOS.csproj", "{24A5138C-EE7A-44CE-85D2-BD903B2AC2B6}"
EndProject
Project("{FAE04EC0-301F-11D3-BF4B-00C04F79EFBC}") = "EvvMobile.UWP", "EvvMobile\EvvMobile.UWP\EvvMobile.UWP.csproj", "{A7685AB4-033A-4269-9BE6-D3062C8F38FC}"
EndProject
Project("{FAE04EC0-301F-11D3-BF4B-00C04F79EFBC}") = "EvvMobile.Database", "EvvMobile.Database\EvvMobile.Database.csproj", "{67F9D3A8-F71E-4428-913F-C37AE82CDB24}"
EndProject
Project("{FAE04EC0-301F-11D3-BF4B-00C04F79EFBC}") = "EvvMobile.RestfulWebService.Infrastructure", "EvvMobile.RestfulWebService.Infrastructure\EvvMobile.RestfulWebService.Infrastructure.csproj", "{02EE50DF-B822-454C-A530-D975D990DAA4}"
EndProject
Project("{2150E333-8FDC-42A3-9474-1A3956D46DE8}") = "Unit Tests", "Unit Tests", "{2C9AC3F3-6E75-4507-A1AA-7FB27A7027A2}"
EndProject
Project("{FAE04EC0-301F-11D3-BF4B-00C04F79EFBC}") = "EvvMobile.DataService", "EvvMobile.DataService\EvvMobile.DataService.csproj", "{2DDEC276-678D-4D19-995D-EBBF1844B2FA}"
EndProject
Project("{2150E333-8FDC-42A3-9474-1A3956D46DE8}") = "Schedule", "Schedule", "{DAC81812-2327-463D-9441-40DC7E125961}"
EndProject
Project("{D954291E-2A0B-460D-934E-DC6B0785DB48}") = "EvvMobile.Schedule.NUnit.Shared", "Tests\Schedule\EvvMobile.Schedule.NUnit.Shared\EvvMobile.Schedule.NUnit.Shared.shproj", "{F8AF4BF8-790A-4CED-9059-39F10F30B8DA}"
EndProject
Project("{FAE04EC0-301F-11D3-BF4B-00C04F79EFBC}") = "EvvMobile.Schedule.NUnit.Droid", "Tests\Schedule\EvvMobile.Schedule.NUnit.Droid\EvvMobile.Schedule.NUnit.Droid.csproj", "{38C0BB93-32D8-4A99-8E67-2DF1A90CEABA}"
EndProject
Project("{FAE04EC0-301F-11D3-BF4B-00C04F79EFBC}") = "EvvMobile.Schedule.NUnit.iOS", "Tests\Schedule\EvvMobile.Schedule.NUnit.iOS\EvvMobile.Schedule.NUnit.iOS.csproj", "{CEE91B1A-06BB-4DE7-BDB1-64471FBD0CE8}"
EndProject
Project("{FAE04EC0-301F-11D3-BF4B-00C04F79EFBC}") = "EvvMobile.Schedule.NUnit.UWP", "Tests\Schedule\EvvMobile.Schedule.NUnit.UWP\EvvMobile.Schedule.NUnit.UWP.csproj", "{360757B9-5437-4E0D-B782-B0101B8D9D1D}"
EndProject
Project("{D954291E-2A0B-460D-934E-DC6B0785DB48}") = "EvvMobile.Charts", "EvvMobile.Charts\EvvMobile.Charts.shproj", "{070EB718-F383-430C-9480-4CEACDC73DEF}"
EndProject
Global
	GlobalSection(SharedMSBuildProjectFiles) = preSolution
		EvvMobile.Charts\EvvMobile.Charts.projitems*{070eb718-f383-430c-9480-4ceacdc73def}*SharedItemsImports = 13
		Tests\Schedule\EvvMobile.Schedule.NUnit.Shared\EvvMobile.Schedule.NUnit.Shared.projitems*{38c0bb93-32d8-4a99-8e67-2df1a90ceaba}*SharedItemsImports = 4
		EvvMobile.Charts\EvvMobile.Charts.projitems*{daf6f306-8666-4100-89e3-abb950141f62}*SharedItemsImports = 4
		Tests\Schedule\EvvMobile.Schedule.NUnit.Shared\EvvMobile.Schedule.NUnit.Shared.projitems*{f8af4bf8-790a-4ced-9059-39f10f30b8da}*SharedItemsImports = 13
	EndGlobalSection
	GlobalSection(SolutionConfigurationPlatforms) = preSolution
		Ad-Hoc|Any CPU = Ad-Hoc|Any CPU
		Ad-Hoc|ARM = Ad-Hoc|ARM
		Ad-Hoc|iPhone = Ad-Hoc|iPhone
		Ad-Hoc|iPhoneSimulator = Ad-Hoc|iPhoneSimulator
		Ad-Hoc|x64 = Ad-Hoc|x64
		Ad-Hoc|x86 = Ad-Hoc|x86
		AppStore|Any CPU = AppStore|Any CPU
		AppStore|ARM = AppStore|ARM
		AppStore|iPhone = AppStore|iPhone
		AppStore|iPhoneSimulator = AppStore|iPhoneSimulator
		AppStore|x64 = AppStore|x64
		AppStore|x86 = AppStore|x86
		Debug|Any CPU = Debug|Any CPU
		Debug|ARM = Debug|ARM
		Debug|iPhone = Debug|iPhone
		Debug|iPhoneSimulator = Debug|iPhoneSimulator
		Debug|x64 = Debug|x64
		Debug|x86 = Debug|x86
		Release|Any CPU = Release|Any CPU
		Release|ARM = Release|ARM
		Release|iPhone = Release|iPhone
		Release|iPhoneSimulator = Release|iPhoneSimulator
		Release|x64 = Release|x64
		Release|x86 = Release|x86
	EndGlobalSection
	GlobalSection(ProjectConfigurationPlatforms) = postSolution
		{DAF6F306-8666-4100-89E3-ABB950141F62}.Ad-Hoc|Any CPU.ActiveCfg = Release|Any CPU
		{DAF6F306-8666-4100-89E3-ABB950141F62}.Ad-Hoc|Any CPU.Build.0 = Release|Any CPU
		{DAF6F306-8666-4100-89E3-ABB950141F62}.Ad-Hoc|ARM.ActiveCfg = Release|Any CPU
		{DAF6F306-8666-4100-89E3-ABB950141F62}.Ad-Hoc|ARM.Build.0 = Release|Any CPU
		{DAF6F306-8666-4100-89E3-ABB950141F62}.Ad-Hoc|iPhone.ActiveCfg = Release|Any CPU
		{DAF6F306-8666-4100-89E3-ABB950141F62}.Ad-Hoc|iPhone.Build.0 = Release|Any CPU
		{DAF6F306-8666-4100-89E3-ABB950141F62}.Ad-Hoc|iPhoneSimulator.ActiveCfg = Release|Any CPU
		{DAF6F306-8666-4100-89E3-ABB950141F62}.Ad-Hoc|iPhoneSimulator.Build.0 = Release|Any CPU
		{DAF6F306-8666-4100-89E3-ABB950141F62}.Ad-Hoc|x64.ActiveCfg = Release|Any CPU
		{DAF6F306-8666-4100-89E3-ABB950141F62}.Ad-Hoc|x64.Build.0 = Release|Any CPU
		{DAF6F306-8666-4100-89E3-ABB950141F62}.Ad-Hoc|x86.ActiveCfg = Release|Any CPU
		{DAF6F306-8666-4100-89E3-ABB950141F62}.Ad-Hoc|x86.Build.0 = Release|Any CPU
		{DAF6F306-8666-4100-89E3-ABB950141F62}.AppStore|Any CPU.ActiveCfg = Release|Any CPU
		{DAF6F306-8666-4100-89E3-ABB950141F62}.AppStore|Any CPU.Build.0 = Release|Any CPU
		{DAF6F306-8666-4100-89E3-ABB950141F62}.AppStore|ARM.ActiveCfg = Release|Any CPU
		{DAF6F306-8666-4100-89E3-ABB950141F62}.AppStore|ARM.Build.0 = Release|Any CPU
		{DAF6F306-8666-4100-89E3-ABB950141F62}.AppStore|iPhone.ActiveCfg = Release|Any CPU
		{DAF6F306-8666-4100-89E3-ABB950141F62}.AppStore|iPhone.Build.0 = Release|Any CPU
		{DAF6F306-8666-4100-89E3-ABB950141F62}.AppStore|iPhoneSimulator.ActiveCfg = Release|Any CPU
		{DAF6F306-8666-4100-89E3-ABB950141F62}.AppStore|iPhoneSimulator.Build.0 = Release|Any CPU
		{DAF6F306-8666-4100-89E3-ABB950141F62}.AppStore|x64.ActiveCfg = Release|Any CPU
		{DAF6F306-8666-4100-89E3-ABB950141F62}.AppStore|x64.Build.0 = Release|Any CPU
		{DAF6F306-8666-4100-89E3-ABB950141F62}.AppStore|x86.ActiveCfg = Release|Any CPU
		{DAF6F306-8666-4100-89E3-ABB950141F62}.AppStore|x86.Build.0 = Release|Any CPU
		{DAF6F306-8666-4100-89E3-ABB950141F62}.Debug|Any CPU.ActiveCfg = Debug|Any CPU
		{DAF6F306-8666-4100-89E3-ABB950141F62}.Debug|Any CPU.Build.0 = Debug|Any CPU
		{DAF6F306-8666-4100-89E3-ABB950141F62}.Debug|ARM.ActiveCfg = Debug|Any CPU
		{DAF6F306-8666-4100-89E3-ABB950141F62}.Debug|ARM.Build.0 = Debug|Any CPU
		{DAF6F306-8666-4100-89E3-ABB950141F62}.Debug|iPhone.ActiveCfg = Debug|Any CPU
		{DAF6F306-8666-4100-89E3-ABB950141F62}.Debug|iPhone.Build.0 = Debug|Any CPU
		{DAF6F306-8666-4100-89E3-ABB950141F62}.Debug|iPhoneSimulator.ActiveCfg = Debug|Any CPU
		{DAF6F306-8666-4100-89E3-ABB950141F62}.Debug|iPhoneSimulator.Build.0 = Debug|Any CPU
		{DAF6F306-8666-4100-89E3-ABB950141F62}.Debug|x64.ActiveCfg = Debug|Any CPU
		{DAF6F306-8666-4100-89E3-ABB950141F62}.Debug|x64.Build.0 = Debug|Any CPU
		{DAF6F306-8666-4100-89E3-ABB950141F62}.Debug|x86.ActiveCfg = Debug|Any CPU
		{DAF6F306-8666-4100-89E3-ABB950141F62}.Debug|x86.Build.0 = Debug|Any CPU
		{DAF6F306-8666-4100-89E3-ABB950141F62}.Release|Any CPU.ActiveCfg = Release|Any CPU
		{DAF6F306-8666-4100-89E3-ABB950141F62}.Release|Any CPU.Build.0 = Release|Any CPU
		{DAF6F306-8666-4100-89E3-ABB950141F62}.Release|ARM.ActiveCfg = Release|Any CPU
		{DAF6F306-8666-4100-89E3-ABB950141F62}.Release|ARM.Build.0 = Release|Any CPU
		{DAF6F306-8666-4100-89E3-ABB950141F62}.Release|iPhone.ActiveCfg = Release|Any CPU
		{DAF6F306-8666-4100-89E3-ABB950141F62}.Release|iPhone.Build.0 = Release|Any CPU
		{DAF6F306-8666-4100-89E3-ABB950141F62}.Release|iPhoneSimulator.ActiveCfg = Release|Any CPU
		{DAF6F306-8666-4100-89E3-ABB950141F62}.Release|iPhoneSimulator.Build.0 = Release|Any CPU
		{DAF6F306-8666-4100-89E3-ABB950141F62}.Release|x64.ActiveCfg = Release|Any CPU
		{DAF6F306-8666-4100-89E3-ABB950141F62}.Release|x64.Build.0 = Release|Any CPU
		{DAF6F306-8666-4100-89E3-ABB950141F62}.Release|x86.ActiveCfg = Release|Any CPU
		{DAF6F306-8666-4100-89E3-ABB950141F62}.Release|x86.Build.0 = Release|Any CPU
		{560948D3-D3FA-4853-86AD-4DD15F20CE63}.Ad-Hoc|Any CPU.ActiveCfg = Release|Any CPU
		{560948D3-D3FA-4853-86AD-4DD15F20CE63}.Ad-Hoc|Any CPU.Build.0 = Release|Any CPU
		{560948D3-D3FA-4853-86AD-4DD15F20CE63}.Ad-Hoc|Any CPU.Deploy.0 = Release|Any CPU
		{560948D3-D3FA-4853-86AD-4DD15F20CE63}.Ad-Hoc|ARM.ActiveCfg = Release|Any CPU
		{560948D3-D3FA-4853-86AD-4DD15F20CE63}.Ad-Hoc|ARM.Build.0 = Release|Any CPU
		{560948D3-D3FA-4853-86AD-4DD15F20CE63}.Ad-Hoc|ARM.Deploy.0 = Release|Any CPU
		{560948D3-D3FA-4853-86AD-4DD15F20CE63}.Ad-Hoc|iPhone.ActiveCfg = Release|Any CPU
		{560948D3-D3FA-4853-86AD-4DD15F20CE63}.Ad-Hoc|iPhone.Build.0 = Release|Any CPU
		{560948D3-D3FA-4853-86AD-4DD15F20CE63}.Ad-Hoc|iPhone.Deploy.0 = Release|Any CPU
		{560948D3-D3FA-4853-86AD-4DD15F20CE63}.Ad-Hoc|iPhoneSimulator.ActiveCfg = Release|Any CPU
		{560948D3-D3FA-4853-86AD-4DD15F20CE63}.Ad-Hoc|iPhoneSimulator.Build.0 = Release|Any CPU
		{560948D3-D3FA-4853-86AD-4DD15F20CE63}.Ad-Hoc|iPhoneSimulator.Deploy.0 = Release|Any CPU
		{560948D3-D3FA-4853-86AD-4DD15F20CE63}.Ad-Hoc|x64.ActiveCfg = Release|Any CPU
		{560948D3-D3FA-4853-86AD-4DD15F20CE63}.Ad-Hoc|x64.Build.0 = Release|Any CPU
		{560948D3-D3FA-4853-86AD-4DD15F20CE63}.Ad-Hoc|x64.Deploy.0 = Release|Any CPU
		{560948D3-D3FA-4853-86AD-4DD15F20CE63}.Ad-Hoc|x86.ActiveCfg = Release|Any CPU
		{560948D3-D3FA-4853-86AD-4DD15F20CE63}.Ad-Hoc|x86.Build.0 = Release|Any CPU
		{560948D3-D3FA-4853-86AD-4DD15F20CE63}.Ad-Hoc|x86.Deploy.0 = Release|Any CPU
		{560948D3-D3FA-4853-86AD-4DD15F20CE63}.AppStore|Any CPU.ActiveCfg = Release|Any CPU
		{560948D3-D3FA-4853-86AD-4DD15F20CE63}.AppStore|Any CPU.Build.0 = Release|Any CPU
		{560948D3-D3FA-4853-86AD-4DD15F20CE63}.AppStore|Any CPU.Deploy.0 = Release|Any CPU
		{560948D3-D3FA-4853-86AD-4DD15F20CE63}.AppStore|ARM.ActiveCfg = Release|Any CPU
		{560948D3-D3FA-4853-86AD-4DD15F20CE63}.AppStore|ARM.Build.0 = Release|Any CPU
		{560948D3-D3FA-4853-86AD-4DD15F20CE63}.AppStore|ARM.Deploy.0 = Release|Any CPU
		{560948D3-D3FA-4853-86AD-4DD15F20CE63}.AppStore|iPhone.ActiveCfg = Release|Any CPU
		{560948D3-D3FA-4853-86AD-4DD15F20CE63}.AppStore|iPhone.Build.0 = Release|Any CPU
		{560948D3-D3FA-4853-86AD-4DD15F20CE63}.AppStore|iPhone.Deploy.0 = Release|Any CPU
		{560948D3-D3FA-4853-86AD-4DD15F20CE63}.AppStore|iPhoneSimulator.ActiveCfg = Release|Any CPU
		{560948D3-D3FA-4853-86AD-4DD15F20CE63}.AppStore|iPhoneSimulator.Build.0 = Release|Any CPU
		{560948D3-D3FA-4853-86AD-4DD15F20CE63}.AppStore|iPhoneSimulator.Deploy.0 = Release|Any CPU
		{560948D3-D3FA-4853-86AD-4DD15F20CE63}.AppStore|x64.ActiveCfg = Release|Any CPU
		{560948D3-D3FA-4853-86AD-4DD15F20CE63}.AppStore|x64.Build.0 = Release|Any CPU
		{560948D3-D3FA-4853-86AD-4DD15F20CE63}.AppStore|x64.Deploy.0 = Release|Any CPU
		{560948D3-D3FA-4853-86AD-4DD15F20CE63}.AppStore|x86.ActiveCfg = Release|Any CPU
		{560948D3-D3FA-4853-86AD-4DD15F20CE63}.AppStore|x86.Build.0 = Release|Any CPU
		{560948D3-D3FA-4853-86AD-4DD15F20CE63}.AppStore|x86.Deploy.0 = Release|Any CPU
		{560948D3-D3FA-4853-86AD-4DD15F20CE63}.Debug|Any CPU.ActiveCfg = Debug|Any CPU
		{560948D3-D3FA-4853-86AD-4DD15F20CE63}.Debug|Any CPU.Build.0 = Debug|Any CPU
		{560948D3-D3FA-4853-86AD-4DD15F20CE63}.Debug|Any CPU.Deploy.0 = Debug|Any CPU
		{560948D3-D3FA-4853-86AD-4DD15F20CE63}.Debug|ARM.ActiveCfg = Debug|Any CPU
		{560948D3-D3FA-4853-86AD-4DD15F20CE63}.Debug|ARM.Build.0 = Debug|Any CPU
		{560948D3-D3FA-4853-86AD-4DD15F20CE63}.Debug|ARM.Deploy.0 = Debug|Any CPU
		{560948D3-D3FA-4853-86AD-4DD15F20CE63}.Debug|iPhone.ActiveCfg = Debug|Any CPU
		{560948D3-D3FA-4853-86AD-4DD15F20CE63}.Debug|iPhone.Build.0 = Debug|Any CPU
		{560948D3-D3FA-4853-86AD-4DD15F20CE63}.Debug|iPhone.Deploy.0 = Debug|Any CPU
		{560948D3-D3FA-4853-86AD-4DD15F20CE63}.Debug|iPhoneSimulator.ActiveCfg = Debug|Any CPU
		{560948D3-D3FA-4853-86AD-4DD15F20CE63}.Debug|iPhoneSimulator.Build.0 = Debug|Any CPU
		{560948D3-D3FA-4853-86AD-4DD15F20CE63}.Debug|iPhoneSimulator.Deploy.0 = Debug|Any CPU
		{560948D3-D3FA-4853-86AD-4DD15F20CE63}.Debug|x64.ActiveCfg = Debug|Any CPU
		{560948D3-D3FA-4853-86AD-4DD15F20CE63}.Debug|x64.Build.0 = Debug|Any CPU
		{560948D3-D3FA-4853-86AD-4DD15F20CE63}.Debug|x64.Deploy.0 = Debug|Any CPU
		{560948D3-D3FA-4853-86AD-4DD15F20CE63}.Debug|x86.ActiveCfg = Debug|Any CPU
		{560948D3-D3FA-4853-86AD-4DD15F20CE63}.Debug|x86.Build.0 = Debug|Any CPU
		{560948D3-D3FA-4853-86AD-4DD15F20CE63}.Debug|x86.Deploy.0 = Debug|Any CPU
		{560948D3-D3FA-4853-86AD-4DD15F20CE63}.Release|Any CPU.ActiveCfg = Release|Any CPU
		{560948D3-D3FA-4853-86AD-4DD15F20CE63}.Release|Any CPU.Build.0 = Release|Any CPU
		{560948D3-D3FA-4853-86AD-4DD15F20CE63}.Release|Any CPU.Deploy.0 = Release|Any CPU
		{560948D3-D3FA-4853-86AD-4DD15F20CE63}.Release|ARM.ActiveCfg = Release|Any CPU
		{560948D3-D3FA-4853-86AD-4DD15F20CE63}.Release|ARM.Build.0 = Release|Any CPU
		{560948D3-D3FA-4853-86AD-4DD15F20CE63}.Release|ARM.Deploy.0 = Release|Any CPU
		{560948D3-D3FA-4853-86AD-4DD15F20CE63}.Release|iPhone.ActiveCfg = Release|Any CPU
		{560948D3-D3FA-4853-86AD-4DD15F20CE63}.Release|iPhone.Build.0 = Release|Any CPU
		{560948D3-D3FA-4853-86AD-4DD15F20CE63}.Release|iPhone.Deploy.0 = Release|Any CPU
		{560948D3-D3FA-4853-86AD-4DD15F20CE63}.Release|iPhoneSimulator.ActiveCfg = Release|Any CPU
		{560948D3-D3FA-4853-86AD-4DD15F20CE63}.Release|iPhoneSimulator.Build.0 = Release|Any CPU
		{560948D3-D3FA-4853-86AD-4DD15F20CE63}.Release|iPhoneSimulator.Deploy.0 = Release|Any CPU
		{560948D3-D3FA-4853-86AD-4DD15F20CE63}.Release|x64.ActiveCfg = Release|Any CPU
		{560948D3-D3FA-4853-86AD-4DD15F20CE63}.Release|x64.Build.0 = Release|Any CPU
		{560948D3-D3FA-4853-86AD-4DD15F20CE63}.Release|x64.Deploy.0 = Release|Any CPU
		{560948D3-D3FA-4853-86AD-4DD15F20CE63}.Release|x86.ActiveCfg = Release|Any CPU
		{560948D3-D3FA-4853-86AD-4DD15F20CE63}.Release|x86.Build.0 = Release|Any CPU
		{560948D3-D3FA-4853-86AD-4DD15F20CE63}.Release|x86.Deploy.0 = Release|Any CPU
		{24A5138C-EE7A-44CE-85D2-BD903B2AC2B6}.Ad-Hoc|Any CPU.ActiveCfg = Ad-Hoc|iPhone
		{24A5138C-EE7A-44CE-85D2-BD903B2AC2B6}.Ad-Hoc|ARM.ActiveCfg = Ad-Hoc|iPhone
		{24A5138C-EE7A-44CE-85D2-BD903B2AC2B6}.Ad-Hoc|iPhone.ActiveCfg = Ad-Hoc|iPhone
		{24A5138C-EE7A-44CE-85D2-BD903B2AC2B6}.Ad-Hoc|iPhone.Build.0 = Ad-Hoc|iPhone
		{24A5138C-EE7A-44CE-85D2-BD903B2AC2B6}.Ad-Hoc|iPhoneSimulator.ActiveCfg = Ad-Hoc|iPhoneSimulator
		{24A5138C-EE7A-44CE-85D2-BD903B2AC2B6}.Ad-Hoc|iPhoneSimulator.Build.0 = Ad-Hoc|iPhoneSimulator
		{24A5138C-EE7A-44CE-85D2-BD903B2AC2B6}.Ad-Hoc|x64.ActiveCfg = Ad-Hoc|iPhone
		{24A5138C-EE7A-44CE-85D2-BD903B2AC2B6}.Ad-Hoc|x86.ActiveCfg = Ad-Hoc|iPhone
		{24A5138C-EE7A-44CE-85D2-BD903B2AC2B6}.AppStore|Any CPU.ActiveCfg = AppStore|iPhone
		{24A5138C-EE7A-44CE-85D2-BD903B2AC2B6}.AppStore|ARM.ActiveCfg = AppStore|iPhone
		{24A5138C-EE7A-44CE-85D2-BD903B2AC2B6}.AppStore|iPhone.ActiveCfg = AppStore|iPhone
		{24A5138C-EE7A-44CE-85D2-BD903B2AC2B6}.AppStore|iPhone.Build.0 = AppStore|iPhone
		{24A5138C-EE7A-44CE-85D2-BD903B2AC2B6}.AppStore|iPhoneSimulator.ActiveCfg = AppStore|iPhoneSimulator
		{24A5138C-EE7A-44CE-85D2-BD903B2AC2B6}.AppStore|iPhoneSimulator.Build.0 = AppStore|iPhoneSimulator
		{24A5138C-EE7A-44CE-85D2-BD903B2AC2B6}.AppStore|x64.ActiveCfg = AppStore|iPhone
		{24A5138C-EE7A-44CE-85D2-BD903B2AC2B6}.AppStore|x86.ActiveCfg = AppStore|iPhone
		{24A5138C-EE7A-44CE-85D2-BD903B2AC2B6}.Debug|Any CPU.ActiveCfg = Debug|iPhone
		{24A5138C-EE7A-44CE-85D2-BD903B2AC2B6}.Debug|ARM.ActiveCfg = Debug|iPhone
		{24A5138C-EE7A-44CE-85D2-BD903B2AC2B6}.Debug|iPhone.ActiveCfg = Debug|iPhone
		{24A5138C-EE7A-44CE-85D2-BD903B2AC2B6}.Debug|iPhone.Build.0 = Debug|iPhone
		{24A5138C-EE7A-44CE-85D2-BD903B2AC2B6}.Debug|iPhoneSimulator.ActiveCfg = Debug|iPhoneSimulator
		{24A5138C-EE7A-44CE-85D2-BD903B2AC2B6}.Debug|iPhoneSimulator.Build.0 = Debug|iPhoneSimulator
		{24A5138C-EE7A-44CE-85D2-BD903B2AC2B6}.Debug|x64.ActiveCfg = Debug|iPhone
		{24A5138C-EE7A-44CE-85D2-BD903B2AC2B6}.Debug|x86.ActiveCfg = Debug|iPhone
		{24A5138C-EE7A-44CE-85D2-BD903B2AC2B6}.Release|Any CPU.ActiveCfg = Release|iPhone
		{24A5138C-EE7A-44CE-85D2-BD903B2AC2B6}.Release|ARM.ActiveCfg = Release|iPhone
		{24A5138C-EE7A-44CE-85D2-BD903B2AC2B6}.Release|iPhone.ActiveCfg = Release|iPhone
		{24A5138C-EE7A-44CE-85D2-BD903B2AC2B6}.Release|iPhone.Build.0 = Release|iPhone
		{24A5138C-EE7A-44CE-85D2-BD903B2AC2B6}.Release|iPhoneSimulator.ActiveCfg = Release|iPhoneSimulator
		{24A5138C-EE7A-44CE-85D2-BD903B2AC2B6}.Release|iPhoneSimulator.Build.0 = Release|iPhoneSimulator
		{24A5138C-EE7A-44CE-85D2-BD903B2AC2B6}.Release|x64.ActiveCfg = Release|iPhone
		{24A5138C-EE7A-44CE-85D2-BD903B2AC2B6}.Release|x86.ActiveCfg = Release|iPhone
		{A7685AB4-033A-4269-9BE6-D3062C8F38FC}.Ad-Hoc|Any CPU.ActiveCfg = Release|x86
		{A7685AB4-033A-4269-9BE6-D3062C8F38FC}.Ad-Hoc|Any CPU.Build.0 = Release|x86
		{A7685AB4-033A-4269-9BE6-D3062C8F38FC}.Ad-Hoc|Any CPU.Deploy.0 = Release|x86
		{A7685AB4-033A-4269-9BE6-D3062C8F38FC}.Ad-Hoc|ARM.ActiveCfg = Release|ARM
		{A7685AB4-033A-4269-9BE6-D3062C8F38FC}.Ad-Hoc|ARM.Build.0 = Release|ARM
		{A7685AB4-033A-4269-9BE6-D3062C8F38FC}.Ad-Hoc|ARM.Deploy.0 = Release|ARM
		{A7685AB4-033A-4269-9BE6-D3062C8F38FC}.Ad-Hoc|iPhone.ActiveCfg = Release|x86
		{A7685AB4-033A-4269-9BE6-D3062C8F38FC}.Ad-Hoc|iPhone.Build.0 = Release|x86
		{A7685AB4-033A-4269-9BE6-D3062C8F38FC}.Ad-Hoc|iPhone.Deploy.0 = Release|x86
		{A7685AB4-033A-4269-9BE6-D3062C8F38FC}.Ad-Hoc|iPhoneSimulator.ActiveCfg = Release|x86
		{A7685AB4-033A-4269-9BE6-D3062C8F38FC}.Ad-Hoc|iPhoneSimulator.Build.0 = Release|x86
		{A7685AB4-033A-4269-9BE6-D3062C8F38FC}.Ad-Hoc|iPhoneSimulator.Deploy.0 = Release|x86
		{A7685AB4-033A-4269-9BE6-D3062C8F38FC}.Ad-Hoc|x64.ActiveCfg = Release|x64
		{A7685AB4-033A-4269-9BE6-D3062C8F38FC}.Ad-Hoc|x64.Build.0 = Release|x64
		{A7685AB4-033A-4269-9BE6-D3062C8F38FC}.Ad-Hoc|x64.Deploy.0 = Release|x64
		{A7685AB4-033A-4269-9BE6-D3062C8F38FC}.Ad-Hoc|x86.ActiveCfg = Release|x86
		{A7685AB4-033A-4269-9BE6-D3062C8F38FC}.Ad-Hoc|x86.Build.0 = Release|x86
		{A7685AB4-033A-4269-9BE6-D3062C8F38FC}.Ad-Hoc|x86.Deploy.0 = Release|x86
		{A7685AB4-033A-4269-9BE6-D3062C8F38FC}.AppStore|Any CPU.ActiveCfg = Release|x86
		{A7685AB4-033A-4269-9BE6-D3062C8F38FC}.AppStore|Any CPU.Build.0 = Release|x86
		{A7685AB4-033A-4269-9BE6-D3062C8F38FC}.AppStore|Any CPU.Deploy.0 = Release|x86
		{A7685AB4-033A-4269-9BE6-D3062C8F38FC}.AppStore|ARM.ActiveCfg = Release|ARM
		{A7685AB4-033A-4269-9BE6-D3062C8F38FC}.AppStore|ARM.Build.0 = Release|ARM
		{A7685AB4-033A-4269-9BE6-D3062C8F38FC}.AppStore|ARM.Deploy.0 = Release|ARM
		{A7685AB4-033A-4269-9BE6-D3062C8F38FC}.AppStore|iPhone.ActiveCfg = Release|x86
		{A7685AB4-033A-4269-9BE6-D3062C8F38FC}.AppStore|iPhone.Build.0 = Release|x86
		{A7685AB4-033A-4269-9BE6-D3062C8F38FC}.AppStore|iPhone.Deploy.0 = Release|x86
		{A7685AB4-033A-4269-9BE6-D3062C8F38FC}.AppStore|iPhoneSimulator.ActiveCfg = Release|x86
		{A7685AB4-033A-4269-9BE6-D3062C8F38FC}.AppStore|iPhoneSimulator.Build.0 = Release|x86
		{A7685AB4-033A-4269-9BE6-D3062C8F38FC}.AppStore|iPhoneSimulator.Deploy.0 = Release|x86
		{A7685AB4-033A-4269-9BE6-D3062C8F38FC}.AppStore|x64.ActiveCfg = Release|x64
		{A7685AB4-033A-4269-9BE6-D3062C8F38FC}.AppStore|x64.Build.0 = Release|x64
		{A7685AB4-033A-4269-9BE6-D3062C8F38FC}.AppStore|x64.Deploy.0 = Release|x64
		{A7685AB4-033A-4269-9BE6-D3062C8F38FC}.AppStore|x86.ActiveCfg = Release|x86
		{A7685AB4-033A-4269-9BE6-D3062C8F38FC}.AppStore|x86.Build.0 = Release|x86
		{A7685AB4-033A-4269-9BE6-D3062C8F38FC}.AppStore|x86.Deploy.0 = Release|x86
		{A7685AB4-033A-4269-9BE6-D3062C8F38FC}.Debug|Any CPU.ActiveCfg = Debug|x86
		{A7685AB4-033A-4269-9BE6-D3062C8F38FC}.Debug|Any CPU.Build.0 = Debug|x86
		{A7685AB4-033A-4269-9BE6-D3062C8F38FC}.Debug|Any CPU.Deploy.0 = Debug|x86
		{A7685AB4-033A-4269-9BE6-D3062C8F38FC}.Debug|ARM.ActiveCfg = Debug|ARM
		{A7685AB4-033A-4269-9BE6-D3062C8F38FC}.Debug|ARM.Build.0 = Debug|ARM
		{A7685AB4-033A-4269-9BE6-D3062C8F38FC}.Debug|ARM.Deploy.0 = Debug|ARM
		{A7685AB4-033A-4269-9BE6-D3062C8F38FC}.Debug|iPhone.ActiveCfg = Debug|x86
		{A7685AB4-033A-4269-9BE6-D3062C8F38FC}.Debug|iPhoneSimulator.ActiveCfg = Debug|x86
		{A7685AB4-033A-4269-9BE6-D3062C8F38FC}.Debug|iPhoneSimulator.Build.0 = Debug|x86
		{A7685AB4-033A-4269-9BE6-D3062C8F38FC}.Debug|iPhoneSimulator.Deploy.0 = Debug|x86
		{A7685AB4-033A-4269-9BE6-D3062C8F38FC}.Debug|x64.ActiveCfg = Debug|x64
		{A7685AB4-033A-4269-9BE6-D3062C8F38FC}.Debug|x64.Build.0 = Debug|x64
		{A7685AB4-033A-4269-9BE6-D3062C8F38FC}.Debug|x64.Deploy.0 = Debug|x64
		{A7685AB4-033A-4269-9BE6-D3062C8F38FC}.Debug|x86.ActiveCfg = Debug|x86
		{A7685AB4-033A-4269-9BE6-D3062C8F38FC}.Debug|x86.Build.0 = Debug|x86
		{A7685AB4-033A-4269-9BE6-D3062C8F38FC}.Debug|x86.Deploy.0 = Debug|x86
		{A7685AB4-033A-4269-9BE6-D3062C8F38FC}.Release|Any CPU.ActiveCfg = Release|x86
		{A7685AB4-033A-4269-9BE6-D3062C8F38FC}.Release|ARM.ActiveCfg = Release|ARM
		{A7685AB4-033A-4269-9BE6-D3062C8F38FC}.Release|ARM.Build.0 = Release|ARM
		{A7685AB4-033A-4269-9BE6-D3062C8F38FC}.Release|ARM.Deploy.0 = Release|ARM
		{A7685AB4-033A-4269-9BE6-D3062C8F38FC}.Release|iPhone.ActiveCfg = Release|x86
		{A7685AB4-033A-4269-9BE6-D3062C8F38FC}.Release|iPhoneSimulator.ActiveCfg = Release|x86
		{A7685AB4-033A-4269-9BE6-D3062C8F38FC}.Release|x64.ActiveCfg = Release|x64
		{A7685AB4-033A-4269-9BE6-D3062C8F38FC}.Release|x64.Build.0 = Release|x64
		{A7685AB4-033A-4269-9BE6-D3062C8F38FC}.Release|x64.Deploy.0 = Release|x64
		{A7685AB4-033A-4269-9BE6-D3062C8F38FC}.Release|x86.ActiveCfg = Release|x86
		{A7685AB4-033A-4269-9BE6-D3062C8F38FC}.Release|x86.Build.0 = Release|x86
		{A7685AB4-033A-4269-9BE6-D3062C8F38FC}.Release|x86.Deploy.0 = Release|x86
		{67F9D3A8-F71E-4428-913F-C37AE82CDB24}.Ad-Hoc|Any CPU.ActiveCfg = Release|Any CPU
		{67F9D3A8-F71E-4428-913F-C37AE82CDB24}.Ad-Hoc|Any CPU.Build.0 = Release|Any CPU
		{67F9D3A8-F71E-4428-913F-C37AE82CDB24}.Ad-Hoc|ARM.ActiveCfg = Release|Any CPU
		{67F9D3A8-F71E-4428-913F-C37AE82CDB24}.Ad-Hoc|ARM.Build.0 = Release|Any CPU
		{67F9D3A8-F71E-4428-913F-C37AE82CDB24}.Ad-Hoc|iPhone.ActiveCfg = Release|Any CPU
		{67F9D3A8-F71E-4428-913F-C37AE82CDB24}.Ad-Hoc|iPhone.Build.0 = Release|Any CPU
		{67F9D3A8-F71E-4428-913F-C37AE82CDB24}.Ad-Hoc|iPhoneSimulator.ActiveCfg = Release|Any CPU
		{67F9D3A8-F71E-4428-913F-C37AE82CDB24}.Ad-Hoc|iPhoneSimulator.Build.0 = Release|Any CPU
		{67F9D3A8-F71E-4428-913F-C37AE82CDB24}.Ad-Hoc|x64.ActiveCfg = Release|Any CPU
		{67F9D3A8-F71E-4428-913F-C37AE82CDB24}.Ad-Hoc|x64.Build.0 = Release|Any CPU
		{67F9D3A8-F71E-4428-913F-C37AE82CDB24}.Ad-Hoc|x86.ActiveCfg = Release|Any CPU
		{67F9D3A8-F71E-4428-913F-C37AE82CDB24}.Ad-Hoc|x86.Build.0 = Release|Any CPU
		{67F9D3A8-F71E-4428-913F-C37AE82CDB24}.AppStore|Any CPU.ActiveCfg = Release|Any CPU
		{67F9D3A8-F71E-4428-913F-C37AE82CDB24}.AppStore|Any CPU.Build.0 = Release|Any CPU
		{67F9D3A8-F71E-4428-913F-C37AE82CDB24}.AppStore|ARM.ActiveCfg = Release|Any CPU
		{67F9D3A8-F71E-4428-913F-C37AE82CDB24}.AppStore|ARM.Build.0 = Release|Any CPU
		{67F9D3A8-F71E-4428-913F-C37AE82CDB24}.AppStore|iPhone.ActiveCfg = Release|Any CPU
		{67F9D3A8-F71E-4428-913F-C37AE82CDB24}.AppStore|iPhone.Build.0 = Release|Any CPU
		{67F9D3A8-F71E-4428-913F-C37AE82CDB24}.AppStore|iPhoneSimulator.ActiveCfg = Release|Any CPU
		{67F9D3A8-F71E-4428-913F-C37AE82CDB24}.AppStore|iPhoneSimulator.Build.0 = Release|Any CPU
		{67F9D3A8-F71E-4428-913F-C37AE82CDB24}.AppStore|x64.ActiveCfg = Release|Any CPU
		{67F9D3A8-F71E-4428-913F-C37AE82CDB24}.AppStore|x64.Build.0 = Release|Any CPU
		{67F9D3A8-F71E-4428-913F-C37AE82CDB24}.AppStore|x86.ActiveCfg = Release|Any CPU
		{67F9D3A8-F71E-4428-913F-C37AE82CDB24}.AppStore|x86.Build.0 = Release|Any CPU
		{67F9D3A8-F71E-4428-913F-C37AE82CDB24}.Debug|Any CPU.ActiveCfg = Debug|Any CPU
		{67F9D3A8-F71E-4428-913F-C37AE82CDB24}.Debug|Any CPU.Build.0 = Debug|Any CPU
		{67F9D3A8-F71E-4428-913F-C37AE82CDB24}.Debug|ARM.ActiveCfg = Debug|Any CPU
		{67F9D3A8-F71E-4428-913F-C37AE82CDB24}.Debug|ARM.Build.0 = Debug|Any CPU
		{67F9D3A8-F71E-4428-913F-C37AE82CDB24}.Debug|iPhone.ActiveCfg = Debug|Any CPU
		{67F9D3A8-F71E-4428-913F-C37AE82CDB24}.Debug|iPhone.Build.0 = Debug|Any CPU
		{67F9D3A8-F71E-4428-913F-C37AE82CDB24}.Debug|iPhoneSimulator.ActiveCfg = Debug|Any CPU
		{67F9D3A8-F71E-4428-913F-C37AE82CDB24}.Debug|iPhoneSimulator.Build.0 = Debug|Any CPU
		{67F9D3A8-F71E-4428-913F-C37AE82CDB24}.Debug|x64.ActiveCfg = Debug|Any CPU
		{67F9D3A8-F71E-4428-913F-C37AE82CDB24}.Debug|x64.Build.0 = Debug|Any CPU
		{67F9D3A8-F71E-4428-913F-C37AE82CDB24}.Debug|x86.ActiveCfg = Debug|Any CPU
		{67F9D3A8-F71E-4428-913F-C37AE82CDB24}.Debug|x86.Build.0 = Debug|Any CPU
		{67F9D3A8-F71E-4428-913F-C37AE82CDB24}.Release|Any CPU.ActiveCfg = Release|Any CPU
		{67F9D3A8-F71E-4428-913F-C37AE82CDB24}.Release|Any CPU.Build.0 = Release|Any CPU
		{67F9D3A8-F71E-4428-913F-C37AE82CDB24}.Release|ARM.ActiveCfg = Release|Any CPU
		{67F9D3A8-F71E-4428-913F-C37AE82CDB24}.Release|ARM.Build.0 = Release|Any CPU
		{67F9D3A8-F71E-4428-913F-C37AE82CDB24}.Release|iPhone.ActiveCfg = Release|Any CPU
		{67F9D3A8-F71E-4428-913F-C37AE82CDB24}.Release|iPhone.Build.0 = Release|Any CPU
		{67F9D3A8-F71E-4428-913F-C37AE82CDB24}.Release|iPhoneSimulator.ActiveCfg = Release|Any CPU
		{67F9D3A8-F71E-4428-913F-C37AE82CDB24}.Release|iPhoneSimulator.Build.0 = Release|Any CPU
		{67F9D3A8-F71E-4428-913F-C37AE82CDB24}.Release|x64.ActiveCfg = Release|Any CPU
		{67F9D3A8-F71E-4428-913F-C37AE82CDB24}.Release|x64.Build.0 = Release|Any CPU
		{67F9D3A8-F71E-4428-913F-C37AE82CDB24}.Release|x86.ActiveCfg = Release|Any CPU
		{67F9D3A8-F71E-4428-913F-C37AE82CDB24}.Release|x86.Build.0 = Release|Any CPU
		{02EE50DF-B822-454C-A530-D975D990DAA4}.Ad-Hoc|Any CPU.ActiveCfg = Release|Any CPU
		{02EE50DF-B822-454C-A530-D975D990DAA4}.Ad-Hoc|Any CPU.Build.0 = Release|Any CPU
		{02EE50DF-B822-454C-A530-D975D990DAA4}.Ad-Hoc|ARM.ActiveCfg = Release|Any CPU
		{02EE50DF-B822-454C-A530-D975D990DAA4}.Ad-Hoc|ARM.Build.0 = Release|Any CPU
		{02EE50DF-B822-454C-A530-D975D990DAA4}.Ad-Hoc|iPhone.ActiveCfg = Release|Any CPU
		{02EE50DF-B822-454C-A530-D975D990DAA4}.Ad-Hoc|iPhone.Build.0 = Release|Any CPU
		{02EE50DF-B822-454C-A530-D975D990DAA4}.Ad-Hoc|iPhoneSimulator.ActiveCfg = Release|Any CPU
		{02EE50DF-B822-454C-A530-D975D990DAA4}.Ad-Hoc|iPhoneSimulator.Build.0 = Release|Any CPU
		{02EE50DF-B822-454C-A530-D975D990DAA4}.Ad-Hoc|x64.ActiveCfg = Release|Any CPU
		{02EE50DF-B822-454C-A530-D975D990DAA4}.Ad-Hoc|x64.Build.0 = Release|Any CPU
		{02EE50DF-B822-454C-A530-D975D990DAA4}.Ad-Hoc|x86.ActiveCfg = Release|Any CPU
		{02EE50DF-B822-454C-A530-D975D990DAA4}.Ad-Hoc|x86.Build.0 = Release|Any CPU
		{02EE50DF-B822-454C-A530-D975D990DAA4}.AppStore|Any CPU.ActiveCfg = Release|Any CPU
		{02EE50DF-B822-454C-A530-D975D990DAA4}.AppStore|Any CPU.Build.0 = Release|Any CPU
		{02EE50DF-B822-454C-A530-D975D990DAA4}.AppStore|ARM.ActiveCfg = Release|Any CPU
		{02EE50DF-B822-454C-A530-D975D990DAA4}.AppStore|ARM.Build.0 = Release|Any CPU
		{02EE50DF-B822-454C-A530-D975D990DAA4}.AppStore|iPhone.ActiveCfg = Release|Any CPU
		{02EE50DF-B822-454C-A530-D975D990DAA4}.AppStore|iPhone.Build.0 = Release|Any CPU
		{02EE50DF-B822-454C-A530-D975D990DAA4}.AppStore|iPhoneSimulator.ActiveCfg = Release|Any CPU
		{02EE50DF-B822-454C-A530-D975D990DAA4}.AppStore|iPhoneSimulator.Build.0 = Release|Any CPU
		{02EE50DF-B822-454C-A530-D975D990DAA4}.AppStore|x64.ActiveCfg = Release|Any CPU
		{02EE50DF-B822-454C-A530-D975D990DAA4}.AppStore|x64.Build.0 = Release|Any CPU
		{02EE50DF-B822-454C-A530-D975D990DAA4}.AppStore|x86.ActiveCfg = Release|Any CPU
		{02EE50DF-B822-454C-A530-D975D990DAA4}.AppStore|x86.Build.0 = Release|Any CPU
		{02EE50DF-B822-454C-A530-D975D990DAA4}.Debug|Any CPU.ActiveCfg = Debug|Any CPU
		{02EE50DF-B822-454C-A530-D975D990DAA4}.Debug|Any CPU.Build.0 = Debug|Any CPU
		{02EE50DF-B822-454C-A530-D975D990DAA4}.Debug|ARM.ActiveCfg = Debug|Any CPU
		{02EE50DF-B822-454C-A530-D975D990DAA4}.Debug|ARM.Build.0 = Debug|Any CPU
		{02EE50DF-B822-454C-A530-D975D990DAA4}.Debug|iPhone.ActiveCfg = Debug|Any CPU
		{02EE50DF-B822-454C-A530-D975D990DAA4}.Debug|iPhone.Build.0 = Debug|Any CPU
		{02EE50DF-B822-454C-A530-D975D990DAA4}.Debug|iPhoneSimulator.ActiveCfg = Debug|Any CPU
		{02EE50DF-B822-454C-A530-D975D990DAA4}.Debug|iPhoneSimulator.Build.0 = Debug|Any CPU
		{02EE50DF-B822-454C-A530-D975D990DAA4}.Debug|x64.ActiveCfg = Debug|Any CPU
		{02EE50DF-B822-454C-A530-D975D990DAA4}.Debug|x64.Build.0 = Debug|Any CPU
		{02EE50DF-B822-454C-A530-D975D990DAA4}.Debug|x86.ActiveCfg = Debug|Any CPU
		{02EE50DF-B822-454C-A530-D975D990DAA4}.Debug|x86.Build.0 = Debug|Any CPU
		{02EE50DF-B822-454C-A530-D975D990DAA4}.Release|Any CPU.ActiveCfg = Release|Any CPU
		{02EE50DF-B822-454C-A530-D975D990DAA4}.Release|Any CPU.Build.0 = Release|Any CPU
		{02EE50DF-B822-454C-A530-D975D990DAA4}.Release|ARM.ActiveCfg = Release|Any CPU
		{02EE50DF-B822-454C-A530-D975D990DAA4}.Release|ARM.Build.0 = Release|Any CPU
		{02EE50DF-B822-454C-A530-D975D990DAA4}.Release|iPhone.ActiveCfg = Release|Any CPU
		{02EE50DF-B822-454C-A530-D975D990DAA4}.Release|iPhone.Build.0 = Release|Any CPU
		{02EE50DF-B822-454C-A530-D975D990DAA4}.Release|iPhoneSimulator.ActiveCfg = Release|Any CPU
		{02EE50DF-B822-454C-A530-D975D990DAA4}.Release|iPhoneSimulator.Build.0 = Release|Any CPU
		{02EE50DF-B822-454C-A530-D975D990DAA4}.Release|x64.ActiveCfg = Release|Any CPU
		{02EE50DF-B822-454C-A530-D975D990DAA4}.Release|x64.Build.0 = Release|Any CPU
		{02EE50DF-B822-454C-A530-D975D990DAA4}.Release|x86.ActiveCfg = Release|Any CPU
		{02EE50DF-B822-454C-A530-D975D990DAA4}.Release|x86.Build.0 = Release|Any CPU
		{2DDEC276-678D-4D19-995D-EBBF1844B2FA}.Ad-Hoc|Any CPU.ActiveCfg = Release|Any CPU
		{2DDEC276-678D-4D19-995D-EBBF1844B2FA}.Ad-Hoc|Any CPU.Build.0 = Release|Any CPU
		{2DDEC276-678D-4D19-995D-EBBF1844B2FA}.Ad-Hoc|ARM.ActiveCfg = Release|Any CPU
		{2DDEC276-678D-4D19-995D-EBBF1844B2FA}.Ad-Hoc|ARM.Build.0 = Release|Any CPU
		{2DDEC276-678D-4D19-995D-EBBF1844B2FA}.Ad-Hoc|iPhone.ActiveCfg = Release|Any CPU
		{2DDEC276-678D-4D19-995D-EBBF1844B2FA}.Ad-Hoc|iPhone.Build.0 = Release|Any CPU
		{2DDEC276-678D-4D19-995D-EBBF1844B2FA}.Ad-Hoc|iPhoneSimulator.ActiveCfg = Release|Any CPU
		{2DDEC276-678D-4D19-995D-EBBF1844B2FA}.Ad-Hoc|iPhoneSimulator.Build.0 = Release|Any CPU
		{2DDEC276-678D-4D19-995D-EBBF1844B2FA}.Ad-Hoc|x64.ActiveCfg = Release|Any CPU
		{2DDEC276-678D-4D19-995D-EBBF1844B2FA}.Ad-Hoc|x64.Build.0 = Release|Any CPU
		{2DDEC276-678D-4D19-995D-EBBF1844B2FA}.Ad-Hoc|x86.ActiveCfg = Release|Any CPU
		{2DDEC276-678D-4D19-995D-EBBF1844B2FA}.Ad-Hoc|x86.Build.0 = Release|Any CPU
		{2DDEC276-678D-4D19-995D-EBBF1844B2FA}.AppStore|Any CPU.ActiveCfg = Release|Any CPU
		{2DDEC276-678D-4D19-995D-EBBF1844B2FA}.AppStore|Any CPU.Build.0 = Release|Any CPU
		{2DDEC276-678D-4D19-995D-EBBF1844B2FA}.AppStore|ARM.ActiveCfg = Release|Any CPU
		{2DDEC276-678D-4D19-995D-EBBF1844B2FA}.AppStore|ARM.Build.0 = Release|Any CPU
		{2DDEC276-678D-4D19-995D-EBBF1844B2FA}.AppStore|iPhone.ActiveCfg = Release|Any CPU
		{2DDEC276-678D-4D19-995D-EBBF1844B2FA}.AppStore|iPhone.Build.0 = Release|Any CPU
		{2DDEC276-678D-4D19-995D-EBBF1844B2FA}.AppStore|iPhoneSimulator.ActiveCfg = Release|Any CPU
		{2DDEC276-678D-4D19-995D-EBBF1844B2FA}.AppStore|iPhoneSimulator.Build.0 = Release|Any CPU
		{2DDEC276-678D-4D19-995D-EBBF1844B2FA}.AppStore|x64.ActiveCfg = Release|Any CPU
		{2DDEC276-678D-4D19-995D-EBBF1844B2FA}.AppStore|x64.Build.0 = Release|Any CPU
		{2DDEC276-678D-4D19-995D-EBBF1844B2FA}.AppStore|x86.ActiveCfg = Release|Any CPU
		{2DDEC276-678D-4D19-995D-EBBF1844B2FA}.AppStore|x86.Build.0 = Release|Any CPU
		{2DDEC276-678D-4D19-995D-EBBF1844B2FA}.Debug|Any CPU.ActiveCfg = Debug|Any CPU
		{2DDEC276-678D-4D19-995D-EBBF1844B2FA}.Debug|Any CPU.Build.0 = Debug|Any CPU
		{2DDEC276-678D-4D19-995D-EBBF1844B2FA}.Debug|ARM.ActiveCfg = Debug|Any CPU
		{2DDEC276-678D-4D19-995D-EBBF1844B2FA}.Debug|ARM.Build.0 = Debug|Any CPU
		{2DDEC276-678D-4D19-995D-EBBF1844B2FA}.Debug|iPhone.ActiveCfg = Debug|Any CPU
		{2DDEC276-678D-4D19-995D-EBBF1844B2FA}.Debug|iPhone.Build.0 = Debug|Any CPU
		{2DDEC276-678D-4D19-995D-EBBF1844B2FA}.Debug|iPhoneSimulator.ActiveCfg = Debug|Any CPU
		{2DDEC276-678D-4D19-995D-EBBF1844B2FA}.Debug|iPhoneSimulator.Build.0 = Debug|Any CPU
		{2DDEC276-678D-4D19-995D-EBBF1844B2FA}.Debug|x64.ActiveCfg = Debug|Any CPU
		{2DDEC276-678D-4D19-995D-EBBF1844B2FA}.Debug|x64.Build.0 = Debug|Any CPU
		{2DDEC276-678D-4D19-995D-EBBF1844B2FA}.Debug|x86.ActiveCfg = Debug|Any CPU
		{2DDEC276-678D-4D19-995D-EBBF1844B2FA}.Debug|x86.Build.0 = Debug|Any CPU
		{2DDEC276-678D-4D19-995D-EBBF1844B2FA}.Release|Any CPU.ActiveCfg = Release|Any CPU
		{2DDEC276-678D-4D19-995D-EBBF1844B2FA}.Release|Any CPU.Build.0 = Release|Any CPU
		{2DDEC276-678D-4D19-995D-EBBF1844B2FA}.Release|ARM.ActiveCfg = Release|Any CPU
		{2DDEC276-678D-4D19-995D-EBBF1844B2FA}.Release|ARM.Build.0 = Release|Any CPU
		{2DDEC276-678D-4D19-995D-EBBF1844B2FA}.Release|iPhone.ActiveCfg = Release|Any CPU
		{2DDEC276-678D-4D19-995D-EBBF1844B2FA}.Release|iPhone.Build.0 = Release|Any CPU
		{2DDEC276-678D-4D19-995D-EBBF1844B2FA}.Release|iPhoneSimulator.ActiveCfg = Release|Any CPU
		{2DDEC276-678D-4D19-995D-EBBF1844B2FA}.Release|iPhoneSimulator.Build.0 = Release|Any CPU
		{2DDEC276-678D-4D19-995D-EBBF1844B2FA}.Release|x64.ActiveCfg = Release|Any CPU
		{2DDEC276-678D-4D19-995D-EBBF1844B2FA}.Release|x64.Build.0 = Release|Any CPU
		{2DDEC276-678D-4D19-995D-EBBF1844B2FA}.Release|x86.ActiveCfg = Release|Any CPU
		{2DDEC276-678D-4D19-995D-EBBF1844B2FA}.Release|x86.Build.0 = Release|Any CPU
		{38C0BB93-32D8-4A99-8E67-2DF1A90CEABA}.Ad-Hoc|Any CPU.ActiveCfg = Release|Any CPU
		{38C0BB93-32D8-4A99-8E67-2DF1A90CEABA}.Ad-Hoc|Any CPU.Build.0 = Release|Any CPU
		{38C0BB93-32D8-4A99-8E67-2DF1A90CEABA}.Ad-Hoc|Any CPU.Deploy.0 = Release|Any CPU
		{38C0BB93-32D8-4A99-8E67-2DF1A90CEABA}.Ad-Hoc|ARM.ActiveCfg = Release|Any CPU
		{38C0BB93-32D8-4A99-8E67-2DF1A90CEABA}.Ad-Hoc|ARM.Build.0 = Release|Any CPU
		{38C0BB93-32D8-4A99-8E67-2DF1A90CEABA}.Ad-Hoc|ARM.Deploy.0 = Release|Any CPU
		{38C0BB93-32D8-4A99-8E67-2DF1A90CEABA}.Ad-Hoc|iPhone.ActiveCfg = Release|Any CPU
		{38C0BB93-32D8-4A99-8E67-2DF1A90CEABA}.Ad-Hoc|iPhone.Build.0 = Release|Any CPU
		{38C0BB93-32D8-4A99-8E67-2DF1A90CEABA}.Ad-Hoc|iPhone.Deploy.0 = Release|Any CPU
		{38C0BB93-32D8-4A99-8E67-2DF1A90CEABA}.Ad-Hoc|iPhoneSimulator.ActiveCfg = Release|Any CPU
		{38C0BB93-32D8-4A99-8E67-2DF1A90CEABA}.Ad-Hoc|iPhoneSimulator.Build.0 = Release|Any CPU
		{38C0BB93-32D8-4A99-8E67-2DF1A90CEABA}.Ad-Hoc|iPhoneSimulator.Deploy.0 = Release|Any CPU
		{38C0BB93-32D8-4A99-8E67-2DF1A90CEABA}.Ad-Hoc|x64.ActiveCfg = Release|Any CPU
		{38C0BB93-32D8-4A99-8E67-2DF1A90CEABA}.Ad-Hoc|x64.Build.0 = Release|Any CPU
		{38C0BB93-32D8-4A99-8E67-2DF1A90CEABA}.Ad-Hoc|x64.Deploy.0 = Release|Any CPU
		{38C0BB93-32D8-4A99-8E67-2DF1A90CEABA}.Ad-Hoc|x86.ActiveCfg = Release|Any CPU
		{38C0BB93-32D8-4A99-8E67-2DF1A90CEABA}.Ad-Hoc|x86.Build.0 = Release|Any CPU
		{38C0BB93-32D8-4A99-8E67-2DF1A90CEABA}.Ad-Hoc|x86.Deploy.0 = Release|Any CPU
		{38C0BB93-32D8-4A99-8E67-2DF1A90CEABA}.AppStore|Any CPU.ActiveCfg = Release|Any CPU
		{38C0BB93-32D8-4A99-8E67-2DF1A90CEABA}.AppStore|Any CPU.Build.0 = Release|Any CPU
		{38C0BB93-32D8-4A99-8E67-2DF1A90CEABA}.AppStore|Any CPU.Deploy.0 = Release|Any CPU
		{38C0BB93-32D8-4A99-8E67-2DF1A90CEABA}.AppStore|ARM.ActiveCfg = Release|Any CPU
		{38C0BB93-32D8-4A99-8E67-2DF1A90CEABA}.AppStore|ARM.Build.0 = Release|Any CPU
		{38C0BB93-32D8-4A99-8E67-2DF1A90CEABA}.AppStore|ARM.Deploy.0 = Release|Any CPU
		{38C0BB93-32D8-4A99-8E67-2DF1A90CEABA}.AppStore|iPhone.ActiveCfg = Release|Any CPU
		{38C0BB93-32D8-4A99-8E67-2DF1A90CEABA}.AppStore|iPhone.Build.0 = Release|Any CPU
		{38C0BB93-32D8-4A99-8E67-2DF1A90CEABA}.AppStore|iPhone.Deploy.0 = Release|Any CPU
		{38C0BB93-32D8-4A99-8E67-2DF1A90CEABA}.AppStore|iPhoneSimulator.ActiveCfg = Release|Any CPU
		{38C0BB93-32D8-4A99-8E67-2DF1A90CEABA}.AppStore|iPhoneSimulator.Build.0 = Release|Any CPU
		{38C0BB93-32D8-4A99-8E67-2DF1A90CEABA}.AppStore|iPhoneSimulator.Deploy.0 = Release|Any CPU
		{38C0BB93-32D8-4A99-8E67-2DF1A90CEABA}.AppStore|x64.ActiveCfg = Release|Any CPU
		{38C0BB93-32D8-4A99-8E67-2DF1A90CEABA}.AppStore|x64.Build.0 = Release|Any CPU
		{38C0BB93-32D8-4A99-8E67-2DF1A90CEABA}.AppStore|x64.Deploy.0 = Release|Any CPU
		{38C0BB93-32D8-4A99-8E67-2DF1A90CEABA}.AppStore|x86.ActiveCfg = Release|Any CPU
		{38C0BB93-32D8-4A99-8E67-2DF1A90CEABA}.AppStore|x86.Build.0 = Release|Any CPU
		{38C0BB93-32D8-4A99-8E67-2DF1A90CEABA}.AppStore|x86.Deploy.0 = Release|Any CPU
		{38C0BB93-32D8-4A99-8E67-2DF1A90CEABA}.Debug|Any CPU.ActiveCfg = Debug|Any CPU
		{38C0BB93-32D8-4A99-8E67-2DF1A90CEABA}.Debug|Any CPU.Build.0 = Debug|Any CPU
		{38C0BB93-32D8-4A99-8E67-2DF1A90CEABA}.Debug|Any CPU.Deploy.0 = Debug|Any CPU
		{38C0BB93-32D8-4A99-8E67-2DF1A90CEABA}.Debug|ARM.ActiveCfg = Debug|Any CPU
		{38C0BB93-32D8-4A99-8E67-2DF1A90CEABA}.Debug|ARM.Build.0 = Debug|Any CPU
		{38C0BB93-32D8-4A99-8E67-2DF1A90CEABA}.Debug|ARM.Deploy.0 = Debug|Any CPU
		{38C0BB93-32D8-4A99-8E67-2DF1A90CEABA}.Debug|iPhone.ActiveCfg = Debug|Any CPU
		{38C0BB93-32D8-4A99-8E67-2DF1A90CEABA}.Debug|iPhone.Build.0 = Debug|Any CPU
		{38C0BB93-32D8-4A99-8E67-2DF1A90CEABA}.Debug|iPhone.Deploy.0 = Debug|Any CPU
		{38C0BB93-32D8-4A99-8E67-2DF1A90CEABA}.Debug|iPhoneSimulator.ActiveCfg = Debug|Any CPU
		{38C0BB93-32D8-4A99-8E67-2DF1A90CEABA}.Debug|iPhoneSimulator.Build.0 = Debug|Any CPU
		{38C0BB93-32D8-4A99-8E67-2DF1A90CEABA}.Debug|iPhoneSimulator.Deploy.0 = Debug|Any CPU
		{38C0BB93-32D8-4A99-8E67-2DF1A90CEABA}.Debug|x64.ActiveCfg = Debug|Any CPU
		{38C0BB93-32D8-4A99-8E67-2DF1A90CEABA}.Debug|x64.Build.0 = Debug|Any CPU
		{38C0BB93-32D8-4A99-8E67-2DF1A90CEABA}.Debug|x64.Deploy.0 = Debug|Any CPU
		{38C0BB93-32D8-4A99-8E67-2DF1A90CEABA}.Debug|x86.ActiveCfg = Debug|Any CPU
		{38C0BB93-32D8-4A99-8E67-2DF1A90CEABA}.Debug|x86.Build.0 = Debug|Any CPU
		{38C0BB93-32D8-4A99-8E67-2DF1A90CEABA}.Debug|x86.Deploy.0 = Debug|Any CPU
		{38C0BB93-32D8-4A99-8E67-2DF1A90CEABA}.Release|Any CPU.ActiveCfg = Release|Any CPU
		{38C0BB93-32D8-4A99-8E67-2DF1A90CEABA}.Release|Any CPU.Build.0 = Release|Any CPU
		{38C0BB93-32D8-4A99-8E67-2DF1A90CEABA}.Release|Any CPU.Deploy.0 = Release|Any CPU
		{38C0BB93-32D8-4A99-8E67-2DF1A90CEABA}.Release|ARM.ActiveCfg = Release|Any CPU
		{38C0BB93-32D8-4A99-8E67-2DF1A90CEABA}.Release|ARM.Build.0 = Release|Any CPU
		{38C0BB93-32D8-4A99-8E67-2DF1A90CEABA}.Release|ARM.Deploy.0 = Release|Any CPU
		{38C0BB93-32D8-4A99-8E67-2DF1A90CEABA}.Release|iPhone.ActiveCfg = Release|Any CPU
		{38C0BB93-32D8-4A99-8E67-2DF1A90CEABA}.Release|iPhone.Build.0 = Release|Any CPU
		{38C0BB93-32D8-4A99-8E67-2DF1A90CEABA}.Release|iPhone.Deploy.0 = Release|Any CPU
		{38C0BB93-32D8-4A99-8E67-2DF1A90CEABA}.Release|iPhoneSimulator.ActiveCfg = Release|Any CPU
		{38C0BB93-32D8-4A99-8E67-2DF1A90CEABA}.Release|iPhoneSimulator.Build.0 = Release|Any CPU
		{38C0BB93-32D8-4A99-8E67-2DF1A90CEABA}.Release|iPhoneSimulator.Deploy.0 = Release|Any CPU
		{38C0BB93-32D8-4A99-8E67-2DF1A90CEABA}.Release|x64.ActiveCfg = Release|Any CPU
		{38C0BB93-32D8-4A99-8E67-2DF1A90CEABA}.Release|x64.Build.0 = Release|Any CPU
		{38C0BB93-32D8-4A99-8E67-2DF1A90CEABA}.Release|x64.Deploy.0 = Release|Any CPU
		{38C0BB93-32D8-4A99-8E67-2DF1A90CEABA}.Release|x86.ActiveCfg = Release|Any CPU
		{38C0BB93-32D8-4A99-8E67-2DF1A90CEABA}.Release|x86.Build.0 = Release|Any CPU
		{38C0BB93-32D8-4A99-8E67-2DF1A90CEABA}.Release|x86.Deploy.0 = Release|Any CPU
		{CEE91B1A-06BB-4DE7-BDB1-64471FBD0CE8}.Ad-Hoc|Any CPU.ActiveCfg = Ad-Hoc|iPhone
		{CEE91B1A-06BB-4DE7-BDB1-64471FBD0CE8}.Ad-Hoc|ARM.ActiveCfg = Ad-Hoc|iPhone
		{CEE91B1A-06BB-4DE7-BDB1-64471FBD0CE8}.Ad-Hoc|iPhone.ActiveCfg = Ad-Hoc|iPhone
		{CEE91B1A-06BB-4DE7-BDB1-64471FBD0CE8}.Ad-Hoc|iPhone.Build.0 = Ad-Hoc|iPhone
		{CEE91B1A-06BB-4DE7-BDB1-64471FBD0CE8}.Ad-Hoc|iPhoneSimulator.ActiveCfg = Ad-Hoc|iPhoneSimulator
		{CEE91B1A-06BB-4DE7-BDB1-64471FBD0CE8}.Ad-Hoc|iPhoneSimulator.Build.0 = Ad-Hoc|iPhoneSimulator
		{CEE91B1A-06BB-4DE7-BDB1-64471FBD0CE8}.Ad-Hoc|x64.ActiveCfg = Ad-Hoc|iPhone
		{CEE91B1A-06BB-4DE7-BDB1-64471FBD0CE8}.Ad-Hoc|x86.ActiveCfg = Ad-Hoc|iPhone
		{CEE91B1A-06BB-4DE7-BDB1-64471FBD0CE8}.AppStore|Any CPU.ActiveCfg = AppStore|iPhone
		{CEE91B1A-06BB-4DE7-BDB1-64471FBD0CE8}.AppStore|ARM.ActiveCfg = AppStore|iPhone
		{CEE91B1A-06BB-4DE7-BDB1-64471FBD0CE8}.AppStore|iPhone.ActiveCfg = AppStore|iPhone
		{CEE91B1A-06BB-4DE7-BDB1-64471FBD0CE8}.AppStore|iPhone.Build.0 = AppStore|iPhone
		{CEE91B1A-06BB-4DE7-BDB1-64471FBD0CE8}.AppStore|iPhoneSimulator.ActiveCfg = AppStore|iPhoneSimulator
		{CEE91B1A-06BB-4DE7-BDB1-64471FBD0CE8}.AppStore|iPhoneSimulator.Build.0 = AppStore|iPhoneSimulator
		{CEE91B1A-06BB-4DE7-BDB1-64471FBD0CE8}.AppStore|x64.ActiveCfg = AppStore|iPhone
		{CEE91B1A-06BB-4DE7-BDB1-64471FBD0CE8}.AppStore|x86.ActiveCfg = AppStore|iPhone
		{CEE91B1A-06BB-4DE7-BDB1-64471FBD0CE8}.Debug|Any CPU.ActiveCfg = Debug|iPhone
		{CEE91B1A-06BB-4DE7-BDB1-64471FBD0CE8}.Debug|ARM.ActiveCfg = Debug|iPhone
		{CEE91B1A-06BB-4DE7-BDB1-64471FBD0CE8}.Debug|iPhone.ActiveCfg = Debug|iPhone
		{CEE91B1A-06BB-4DE7-BDB1-64471FBD0CE8}.Debug|iPhone.Build.0 = Debug|iPhone
		{CEE91B1A-06BB-4DE7-BDB1-64471FBD0CE8}.Debug|iPhoneSimulator.ActiveCfg = Debug|iPhoneSimulator
		{CEE91B1A-06BB-4DE7-BDB1-64471FBD0CE8}.Debug|iPhoneSimulator.Build.0 = Debug|iPhoneSimulator
		{CEE91B1A-06BB-4DE7-BDB1-64471FBD0CE8}.Debug|x64.ActiveCfg = Debug|iPhone
		{CEE91B1A-06BB-4DE7-BDB1-64471FBD0CE8}.Debug|x86.ActiveCfg = Debug|iPhone
		{CEE91B1A-06BB-4DE7-BDB1-64471FBD0CE8}.Release|Any CPU.ActiveCfg = Release|iPhone
		{CEE91B1A-06BB-4DE7-BDB1-64471FBD0CE8}.Release|ARM.ActiveCfg = Release|iPhone
		{CEE91B1A-06BB-4DE7-BDB1-64471FBD0CE8}.Release|iPhone.ActiveCfg = Release|iPhone
		{CEE91B1A-06BB-4DE7-BDB1-64471FBD0CE8}.Release|iPhone.Build.0 = Release|iPhone
		{CEE91B1A-06BB-4DE7-BDB1-64471FBD0CE8}.Release|iPhoneSimulator.ActiveCfg = Release|iPhoneSimulator
		{CEE91B1A-06BB-4DE7-BDB1-64471FBD0CE8}.Release|iPhoneSimulator.Build.0 = Release|iPhoneSimulator
		{CEE91B1A-06BB-4DE7-BDB1-64471FBD0CE8}.Release|x64.ActiveCfg = Release|iPhone
		{CEE91B1A-06BB-4DE7-BDB1-64471FBD0CE8}.Release|x86.ActiveCfg = Release|iPhone
		{360757B9-5437-4E0D-B782-B0101B8D9D1D}.Ad-Hoc|Any CPU.ActiveCfg = Release|x86
		{360757B9-5437-4E0D-B782-B0101B8D9D1D}.Ad-Hoc|Any CPU.Build.0 = Release|x86
		{360757B9-5437-4E0D-B782-B0101B8D9D1D}.Ad-Hoc|Any CPU.Deploy.0 = Release|x86
		{360757B9-5437-4E0D-B782-B0101B8D9D1D}.Ad-Hoc|ARM.ActiveCfg = Release|ARM
		{360757B9-5437-4E0D-B782-B0101B8D9D1D}.Ad-Hoc|ARM.Build.0 = Release|ARM
		{360757B9-5437-4E0D-B782-B0101B8D9D1D}.Ad-Hoc|ARM.Deploy.0 = Release|ARM
		{360757B9-5437-4E0D-B782-B0101B8D9D1D}.Ad-Hoc|iPhone.ActiveCfg = Release|x86
		{360757B9-5437-4E0D-B782-B0101B8D9D1D}.Ad-Hoc|iPhone.Build.0 = Release|x86
		{360757B9-5437-4E0D-B782-B0101B8D9D1D}.Ad-Hoc|iPhone.Deploy.0 = Release|x86
		{360757B9-5437-4E0D-B782-B0101B8D9D1D}.Ad-Hoc|iPhoneSimulator.ActiveCfg = Release|x86
		{360757B9-5437-4E0D-B782-B0101B8D9D1D}.Ad-Hoc|iPhoneSimulator.Build.0 = Release|x86
		{360757B9-5437-4E0D-B782-B0101B8D9D1D}.Ad-Hoc|iPhoneSimulator.Deploy.0 = Release|x86
		{360757B9-5437-4E0D-B782-B0101B8D9D1D}.Ad-Hoc|x64.ActiveCfg = Release|x64
		{360757B9-5437-4E0D-B782-B0101B8D9D1D}.Ad-Hoc|x64.Build.0 = Release|x64
		{360757B9-5437-4E0D-B782-B0101B8D9D1D}.Ad-Hoc|x64.Deploy.0 = Release|x64
		{360757B9-5437-4E0D-B782-B0101B8D9D1D}.Ad-Hoc|x86.ActiveCfg = Release|x86
		{360757B9-5437-4E0D-B782-B0101B8D9D1D}.Ad-Hoc|x86.Build.0 = Release|x86
		{360757B9-5437-4E0D-B782-B0101B8D9D1D}.Ad-Hoc|x86.Deploy.0 = Release|x86
		{360757B9-5437-4E0D-B782-B0101B8D9D1D}.AppStore|Any CPU.ActiveCfg = Release|x86
		{360757B9-5437-4E0D-B782-B0101B8D9D1D}.AppStore|Any CPU.Build.0 = Release|x86
		{360757B9-5437-4E0D-B782-B0101B8D9D1D}.AppStore|Any CPU.Deploy.0 = Release|x86
		{360757B9-5437-4E0D-B782-B0101B8D9D1D}.AppStore|ARM.ActiveCfg = Release|ARM
		{360757B9-5437-4E0D-B782-B0101B8D9D1D}.AppStore|ARM.Build.0 = Release|ARM
		{360757B9-5437-4E0D-B782-B0101B8D9D1D}.AppStore|ARM.Deploy.0 = Release|ARM
		{360757B9-5437-4E0D-B782-B0101B8D9D1D}.AppStore|iPhone.ActiveCfg = Release|x86
		{360757B9-5437-4E0D-B782-B0101B8D9D1D}.AppStore|iPhone.Build.0 = Release|x86
		{360757B9-5437-4E0D-B782-B0101B8D9D1D}.AppStore|iPhone.Deploy.0 = Release|x86
		{360757B9-5437-4E0D-B782-B0101B8D9D1D}.AppStore|iPhoneSimulator.ActiveCfg = Release|x86
		{360757B9-5437-4E0D-B782-B0101B8D9D1D}.AppStore|iPhoneSimulator.Build.0 = Release|x86
		{360757B9-5437-4E0D-B782-B0101B8D9D1D}.AppStore|iPhoneSimulator.Deploy.0 = Release|x86
		{360757B9-5437-4E0D-B782-B0101B8D9D1D}.AppStore|x64.ActiveCfg = Release|x64
		{360757B9-5437-4E0D-B782-B0101B8D9D1D}.AppStore|x64.Build.0 = Release|x64
		{360757B9-5437-4E0D-B782-B0101B8D9D1D}.AppStore|x64.Deploy.0 = Release|x64
		{360757B9-5437-4E0D-B782-B0101B8D9D1D}.AppStore|x86.ActiveCfg = Release|x86
		{360757B9-5437-4E0D-B782-B0101B8D9D1D}.AppStore|x86.Build.0 = Release|x86
		{360757B9-5437-4E0D-B782-B0101B8D9D1D}.AppStore|x86.Deploy.0 = Release|x86
		{360757B9-5437-4E0D-B782-B0101B8D9D1D}.Debug|Any CPU.ActiveCfg = Debug|x86
		{360757B9-5437-4E0D-B782-B0101B8D9D1D}.Debug|ARM.ActiveCfg = Debug|ARM
		{360757B9-5437-4E0D-B782-B0101B8D9D1D}.Debug|ARM.Build.0 = Debug|ARM
		{360757B9-5437-4E0D-B782-B0101B8D9D1D}.Debug|ARM.Deploy.0 = Debug|ARM
		{360757B9-5437-4E0D-B782-B0101B8D9D1D}.Debug|iPhone.ActiveCfg = Debug|x86
		{360757B9-5437-4E0D-B782-B0101B8D9D1D}.Debug|iPhoneSimulator.ActiveCfg = Debug|x86
		{360757B9-5437-4E0D-B782-B0101B8D9D1D}.Debug|x64.ActiveCfg = Debug|x64
		{360757B9-5437-4E0D-B782-B0101B8D9D1D}.Debug|x64.Build.0 = Debug|x64
		{360757B9-5437-4E0D-B782-B0101B8D9D1D}.Debug|x64.Deploy.0 = Debug|x64
		{360757B9-5437-4E0D-B782-B0101B8D9D1D}.Debug|x86.ActiveCfg = Debug|x86
		{360757B9-5437-4E0D-B782-B0101B8D9D1D}.Debug|x86.Build.0 = Debug|x86
		{360757B9-5437-4E0D-B782-B0101B8D9D1D}.Debug|x86.Deploy.0 = Debug|x86
		{360757B9-5437-4E0D-B782-B0101B8D9D1D}.Release|Any CPU.ActiveCfg = Release|x86
		{360757B9-5437-4E0D-B782-B0101B8D9D1D}.Release|ARM.ActiveCfg = Release|ARM
		{360757B9-5437-4E0D-B782-B0101B8D9D1D}.Release|ARM.Build.0 = Release|ARM
		{360757B9-5437-4E0D-B782-B0101B8D9D1D}.Release|ARM.Deploy.0 = Release|ARM
		{360757B9-5437-4E0D-B782-B0101B8D9D1D}.Release|iPhone.ActiveCfg = Release|x86
		{360757B9-5437-4E0D-B782-B0101B8D9D1D}.Release|iPhoneSimulator.ActiveCfg = Release|x86
		{360757B9-5437-4E0D-B782-B0101B8D9D1D}.Release|x64.ActiveCfg = Release|x64
		{360757B9-5437-4E0D-B782-B0101B8D9D1D}.Release|x64.Build.0 = Release|x64
		{360757B9-5437-4E0D-B782-B0101B8D9D1D}.Release|x64.Deploy.0 = Release|x64
		{360757B9-5437-4E0D-B782-B0101B8D9D1D}.Release|x86.ActiveCfg = Release|x86
		{360757B9-5437-4E0D-B782-B0101B8D9D1D}.Release|x86.Build.0 = Release|x86
		{360757B9-5437-4E0D-B782-B0101B8D9D1D}.Release|x86.Deploy.0 = Release|x86
	EndGlobalSection
	GlobalSection(SolutionProperties) = preSolution
		HideSolutionNode = FALSE
	EndGlobalSection
	GlobalSection(NestedProjects) = preSolution
		{DAC81812-2327-463D-9441-40DC7E125961} = {2C9AC3F3-6E75-4507-A1AA-7FB27A7027A2}
		{F8AF4BF8-790A-4CED-9059-39F10F30B8DA} = {DAC81812-2327-463D-9441-40DC7E125961}
		{38C0BB93-32D8-4A99-8E67-2DF1A90CEABA} = {DAC81812-2327-463D-9441-40DC7E125961}
		{CEE91B1A-06BB-4DE7-BDB1-64471FBD0CE8} = {DAC81812-2327-463D-9441-40DC7E125961}
		{360757B9-5437-4E0D-B782-B0101B8D9D1D} = {DAC81812-2327-463D-9441-40DC7E125961}
	EndGlobalSection
	GlobalSection(TeamFoundationVersionControl) = preSolution
		SccNumberOfProjects = 15
		SccEnterpriseProvider = {4CA58AB2-18FA-4F8D-95D4-32DDF27D184C}
		SccTeamFoundationServer = https://tfs.feisystems.com/tfs/feicollection05
		SccLocalPath0 = .
		SccProjectUniqueName1 = EvvMobile\\EvvMobile.Droid\\EvvMobile.Droid.csproj
		SccProjectName1 = EvvMobile/EvvMobile.Droid
		SccLocalPath1 = EvvMobile\\EvvMobile.Droid
		SccProjectUniqueName2 = EvvMobile\\EvvMobile\\EvvMobile.csproj
		SccProjectName2 = EvvMobile/EvvMobile
		SccLocalPath2 = EvvMobile\\EvvMobile
		SccProjectUniqueName3 = EvvMobile\\EvvMobile.iOS\\EvvMobile.iOS.csproj
		SccProjectName3 = EvvMobile/EvvMobile.iOS
		SccLocalPath3 = EvvMobile\\EvvMobile.iOS
		SccProjectUniqueName4 = EvvMobile\\EvvMobile.UWP\\EvvMobile.UWP.csproj
		SccProjectName4 = EvvMobile/EvvMobile.UWP
		SccLocalPath4 = EvvMobile\\EvvMobile.UWP
		SccProjectUniqueName5 = EvvMobile.Database\\EvvMobile.Database.csproj
		SccProjectName5 = EvvMobile.Database
		SccLocalPath5 = EvvMobile.Database
		SccProjectUniqueName6 = EvvMobile.RestfulWebService.Infrastructure\\EvvMobile.RestfulWebService.Infrastructure.csproj
		SccProjectName6 = EvvMobile.RestfulWebService.Infrastructure
		SccLocalPath6 = EvvMobile.RestfulWebService.Infrastructure
		SccProjectUniqueName7 = EvvMobile.DataService\\EvvMobile.DataService.csproj
		SccProjectName7 = EvvMobile.DataService
		SccLocalPath7 = EvvMobile.DataService
		SccProjectUniqueName8 = Tests\\Schedule\\EvvMobile.Schedule.NUnit.Shared\\EvvMobile.Schedule.NUnit.Shared.shproj
		SccProjectTopLevelParentUniqueName8 = EvvMobile.sln
		SccProjectName8 = Tests/Schedule/EvvMobile.Schedule.NUnit.Shared
		SccLocalPath8 = Tests\\Schedule\\EvvMobile.Schedule.NUnit.Shared
		SccProjectUniqueName9 = Tests\\Schedule\\EvvMobile.Schedule.NUnit.Droid\\EvvMobile.Schedule.NUnit.Droid.csproj
		SccProjectTopLevelParentUniqueName9 = EvvMobile.sln
		SccProjectName9 = Tests/Schedule/EvvMobile.Schedule.NUnit.Droid
		SccLocalPath9 = Tests\\Schedule\\EvvMobile.Schedule.NUnit.Droid
		SccProjectUniqueName10 = Tests\\Schedule\\EvvMobile.Schedule.NUnit.iOS\\EvvMobile.Schedule.NUnit.iOS.csproj
		SccProjectTopLevelParentUniqueName10 = EvvMobile.sln
		SccProjectName10 = Tests/Schedule/EvvMobile.Schedule.NUnit.iOS
		SccLocalPath10 = Tests\\Schedule\\EvvMobile.Schedule.NUnit.iOS
		SccProjectUniqueName11 = Tests\\Schedule\\EvvMobile.Schedule.NUnit.UWP\\EvvMobile.Schedule.NUnit.UWP.csproj
		SccProjectTopLevelParentUniqueName11 = EvvMobile.sln
		SccProjectName11 = Tests/Schedule/EvvMobile.Schedule.NUnit.UWP
		SccLocalPath11 = Tests\\Schedule\\EvvMobile.Schedule.NUnit.UWP
		SccProjectUniqueName12 = Tests\\Schedule\\EvvMobile.Schedule.NUnit.Shared\\EvvMobile.Schedule.NUnit.Shared.projitems
		SccProjectTopLevelParentUniqueName12 = EvvMobile.sln
		SccProjectName12 = Tests/Schedule/EvvMobile.Schedule.NUnit.Shared
		SccLocalPath12 = Tests\\Schedule\\EvvMobile.Schedule.NUnit.Shared
		SccProjectUniqueName13 = EvvMobile.Charts\\EvvMobile.Charts.projitems
		SccProjectTopLevelParentUniqueName13 = EvvMobile.Charts\\EvvMobile.Charts.shproj
		SccProjectName13 = EvvMobile.Charts
		SccLocalPath13 = EvvMobile.Charts
		SccProjectUniqueName14 = EvvMobile.Charts\\EvvMobile.Charts.shproj
		SccProjectName14 = EvvMobile.Charts
		SccLocalPath14 = EvvMobile.Charts
	EndGlobalSection
EndGlobal
